github.com/KarpelesLab/cryptutil v0.2.30 h1:Klc8qeNsSH1R0ekaZjRdjA8cgzAuurpbxaO5LEcYScA=
github.com/KarpelesLab/cryptutil v0.2.30/go.mod h1:2gBM1JlpscOqYSE08hoOug3pFpR2Hh6EV/6aK7ZANqQ=
github.com/KarpelesLab/pjson v0.1.7 h1:j0EItKHyf/dXPZJXbMAS1Ioxlq1LTNH9YmPkmX/JN3s=
github.com/KarpelesLab/pjson v0.1.7/go.mod h1:gb4uSTld7I2kO2WvLdat1mN1brsS1hzSR+dWw1hL3iU=
github.com/KarpelesLab/pjson v0.1.9 h1:JVmm61sLRVb+5YkUDacgM1FlB9CTOsCUhEvF+OzUMf0=
github.com/KarpelesLab/pjson v0.1.9/go.mod h1:gb4uSTld7I2kO2WvLdat1mN1brsS1hzSR+dWw1hL3iU=
github.com/KarpelesLab/typutil v0.2.26 h1:SPSYb8ntPZ+zlSxiU9SNAjRTglHiQRX6hQ38Kcq/m/0=
github.com/KarpelesLab/typutil v0.2.26/go.mod h1:AAFzwyeM5datR6N5pGy8VrihZacfVS4ktC+AKp3VIrQ=
github.com/ModChain/base58 v1.0.0 h1:QFm7L896+3n6ie8++cXRJM7S2k2GW/QohrfoxJExHKU=
github.com/ModChain/base58 v1.0.0/go.mod h1:/FvdI5MHtcByk2Hn/3F1TuaqLjZ3R9MvDS1Z7fd6Qyc=
github.com/ModChain/bech32m v0.1.3 h1:FkRIPAigSk3iaGvL7mIbogZjZIwuCGbsJi90vBmBjIA=
github.com/ModChain/bech32m v0.1.3/go.mod h1:xU5rO3ovmBPGNnDhxkLrGjOeq1bTpx4sVaOzENtqFck=
github.com/ModChain/bech32m v0.1.4 h1:M7P8xZ+iTLP8bl3BYXPkOWsto/kIAiVrdPmXd4ymQNU=
github.com/ModChain/bech32m v0.1.4/go.mod h1:xU5rO3ovmBPGNnDhxkLrGjOeq1bTpx4sVaOzENtqFck=
github.com/ModChain/edwards25519 v1.0.0 h1:Geww/chivFY6E/mZgA4chVf4HWvUgJ1LdRZ0v2d25Eo=
github.com/ModChain/edwards25519 v1.0.0/go.mod h1:kjiZ1iVWnsHVMHeIgWFu26ik6/jPlE+c9MrfO5wbLm4=
github.com/ModChain/rlp v0.1.3 h1:KB1OferGsYoxg6FjSo/sdrseUSLLedL7qYAK1PDsXzU=
github.com/ModChain/rlp v0.1.3/go.mod h1:hwFkPyMGBgwsEZZmmjbie1ncEqOz5EyrD3hvkT2mVFo=
github.com/ModChain/secp256k1 v0.1.2 h1:X0it90PWhkSuANpPIBY7OrsVqMIs9UR/HUZWBteTnNs=
github.com/ModChain/secp256k1 v0.1.2/go.mod h1:vTpIWi8Ht25xL0QXI77Zw6lPs9NKDFBMjYsnQ0RaLsw=
github.com/ModChain/secp256k1 v0.2.2 h1:03esI1PL4L2bdCDOeP01aQ7z+mJPxA5r4zSrRnFYnDM=
github.com/ModChain/secp256k1 v0.2.2/go.mod h1:vTpIWi8Ht25xL0QXI77Zw6lPs9NKDFBMjYsnQ0RaLsw=
github.com/ModChain/secp256k1 v0.2.3 h1:B/ndTbHqtBuTw5wc/jAoWJNp9gezm/0xtwD/v0NHn3A=
github.com/ModChain/secp256k1 v0.2.3/go.mod h1:vTpIWi8Ht25xL0QXI77Zw6lPs9NKDFBMjYsnQ0RaLsw=
github.com/ModChain/secp256k1 v0.2.4 h1:686KHGgsorFf928O5WBOpJ+BaaPD5UT9kNHlMqCVsY4=
github.com/ModChain/secp256k1 v0.2.4/go.mod h1:vTpIWi8Ht25xL0QXI77Zw6lPs9NKDFBMjYsnQ0RaLsw=
github.com/fxamacker/cbor/v2 v2.7.0 h1:iM5WgngdRBanHcxugY4JySA0nk1wZorNOpTgCMedv5E=
github.com/fxamacker/cbor/v2 v2.7.0/go.mod h1:pxXPTn3joSm21Gbwsv0w9OSA2y1HFR9qXEeXQVeNoDQ=
github.com/klauspost/cpuid/v2 v2.0.9 h1:lgaqFMSdTdQYdZ04uHyN2d/eKdOMyi2YLSvlQIBFYa4=
github.com/klauspost/cpuid/v2 v2.0.9/go.mod h1:FInQzS24/EEf25PyTYn52gqo7WaD8xa0213Md/qVLRg=
github.com/x448/float16 v0.8.4 h1:qLwI1I70+NjRFUR3zs1JPUCgaCXSh3SW62uAKT1mSBM=
github.com/x448/float16 v0.8.4/go.mod h1:14CWIYCyZA/cWjXOioeEpHeN/83MdbZDRQHoFcYsOfg=
golang.org/x/crypto v0.27.0 h1:GXm2NjJrPaiv/h1tb2UH8QfgC/hOf/+z0p6PT8o1w7A=
golang.org/x/crypto v0.27.0/go.mod h1:1Xngt8kV6Dvbssa53Ziq6Eqn0HqbZi5Z6R0ZpwQzt70=
golang.org/x/crypto v0.28.0 h1:GBDwsMXVQi34v5CCYUm2jkJvu4cbtru2U4TN2PSyQnw=
golang.org/x/crypto v0.28.0/go.mod h1:rmgy+3RHxRZMyY0jjAJShp2zgEdOqj2AO7U0pYmeQ7U=
golang.org/x/sys v0.25.0 h1:r+8e+loiHxRqhXVl6ML1nO3l1+oFoWbnlu2Ehimmi34=
golang.org/x/sys v0.25.0/go.mod h1:/VUhepiaJMQUp4+oa/7Zr1D23ma6VTLIYjOOTFZPUcA=
golang.org/x/sys v0.26.0 h1:KHjCJyddX0LoSTb3J+vWpupP9p0oznkqVk/IfjymZbo=
golang.org/x/sys v0.26.0/go.mod h1:/VUhepiaJMQUp4+oa/7Zr1D23ma6VTLIYjOOTFZPUcA=
lukechampine.com/blake3 v1.3.0 h1:sJ3XhFINmHSrYCgl958hscfIa3bw8x4DqMP3u1YvoYE=
lukechampine.com/blake3 v1.3.0/go.mod h1:0OFRp7fBtAylGVCO40o87sbupkyIGgbpv1+M1k1LM6k=
