github.com/BottleFmt/gobottle v1.0.1 h1:2GFUbtGCChqu9zaIjCdUgVHF4ENGg8QgWnKxJ2zd8rc=
github.com/BottleFmt/gobottle v1.0.1/go.mod h1:ybPpJsZhSs/LM3GVO8vF1p0EwQF5KrUJHyG+KVwLYwU=
github.com/KarpelesLab/base58 v1.1.1 h1:TYKMYotRAygpr57rzMHYIriPTwRcNOV/QH5+wJ7wr2s=
github.com/KarpelesLab/base58 v1.1.1/go.mod h1:QXHyIAfZqjiLAMC9MQTwvgFAlO0R5noDPr29bWYXhH4=
github.com/KarpelesLab/bech32m v0.1.5 h1:rsJspvheX3hqYwRLs9bLdYIpiYwpqS6GkAM0UXv7Ovw=
github.com/KarpelesLab/bech32m v0.1.5/go.mod h1:6FeeVNWuq83sf9GDplDJKju/Nizmp8FzOAInqgk65fQ=
github.com/KarpelesLab/blake256 v1.0.1 h1:nX2AhNgz2YRAlTdLlapEnOIyKxT7Le22OntKtDXr5v0=
github.com/KarpelesLab/blake256 v1.0.1/go.mod h1:DgAiY5aPPMQGqb5zlsM2aLVwAaWoTbkLS6HISDb3gCA=
github.com/KarpelesLab/edwards25519 v1.1.7 h1:03Yr0HxxIvzuupdqLKRjC9P6Em3rl+CpgDZEA/xqkVs=
github.com/KarpelesLab/edwards25519 v1.1.7/go.mod h1:NikirayExusFY4vgi5ENCCMxOjkcF8uD6yA/y+a2iJ8=
github.com/KarpelesLab/mldsa v0.2.0 h1:rOTLCBZmLLW7/IpUJ+Z/qslMQm/4s0zXPLA21a+V6HA=
github.com/KarpelesLab/mldsa v0.2.0/go.mod h1:x1T4Gyd86wpLwnk1LafWJCqD3EwvhZKXK+0QfHgqZBk=
github.com/KarpelesLab/pjson v0.2.0 h1:Qpv9v6AhvcH7k+iFMPUN11bcgqHyyBNCvRweh9eI7JY=
github.com/KarpelesLab/pjson v0.2.0/go.mod h1:v3xur0hbHYFmi0vlNqUOqXE7FGmz845gtFJONiuwKho=
github.com/KarpelesLab/rlp v0.1.4 h1:a6ch3onXlnbyhV2B+MQFL/0o1YRvtfW09ZX4bzY2OTY=
github.com/KarpelesLab/rlp v0.1.4/go.mod h1:rAUJTMT4oS7JA7DfxejVw7/8XlCh4XZ7RHQ+78fWpz8=
github.com/KarpelesLab/secp256k1 v0.2.8 h1:VNkim4pC82SliqHgpFESGVB1o27F+HYgbTq6z/7xHew=
github.com/KarpelesLab/secp256k1 v0.2.8/go.mod h1:M2Gltf+zSqq2h164eczlRLdydwZgPDoM0GkTqi+Ep3s=
github.com/KarpelesLab/slhdsa v0.1.0 h1:5qAT+oWF5ENEXQA6qrgpHNwwt1GXPwjKSjplFSqcEp0=
github.com/KarpelesLab/slhdsa v0.1.0/go.mod h1:VpvPoyXGXABOX0ahkrS260BZrVZWIt5pD9g5waVWsWw=
github.com/KarpelesLab/typutil v0.2.34 h1:9ZI5uwcZxQlb6klwn5JlNK95fnkEk001ii6+jBm0M3Y=
github.com/KarpelesLab/typutil v0.2.34/go.mod h1:8QWuhh8zAkTt+AszMeENIYZJC4JQtk+Ib0yLlSqLLyY=
github.com/fxamacker/cbor/v2 v2.9.1 h1:2rWm8B193Ll4VdjsJY28jxs70IdDsHRWgQYAI80+rMQ=
github.com/fxamacker/cbor/v2 v2.9.1/go.mod h1:vM4b+DJCtHn+zz7h3FFp/hDAI9WNWCsZj23V5ytsSxQ=
github.com/klauspost/cpuid/v2 v2.3.0 h1:S4CRMLnYUhGeDFDqkGriYKdfoFlDnMtqTiI/sFzhA9Y=
github.com/klauspost/cpuid/v2 v2.3.0/go.mod h1:hqwkgyIinND0mEev00jJYCxPNVRVXFQeu1XKlok6oO0=
github.com/x448/float16 v0.8.4 h1:qLwI1I70+NjRFUR3zs1JPUCgaCXSh3SW62uAKT1mSBM=
github.com/x448/float16 v0.8.4/go.mod h1:14CWIYCyZA/cWjXOioeEpHeN/83MdbZDRQHoFcYsOfg=
golang.org/x/crypto v0.49.0 h1:+Ng2ULVvLHnJ/ZFEq4KdcDd/cfjrrjjNSXNzxg0Y4U4=
golang.org/x/crypto v0.49.0/go.mod h1:ErX4dUh2UM+CFYiXZRTcMpEcN8b/1gxEuv3nODoYtCA=
golang.org/x/sys v0.42.0 h1:omrd2nAlyT5ESRdCLYdm3+fMfNFE/+Rf4bDIQImRJeo=
golang.org/x/sys v0.42.0/go.mod h1:4GL1E5IUh+htKOUEOaiffhrAeqysfVGipDYzABqnCmw=
lukechampine.com/blake3 v1.4.1 h1:I3Smz7gso8w4/TunLKec6K2fn+kyKtDxr/xcQEN84Wg=
lukechampine.com/blake3 v1.4.1/go.mod h1:QFosUxmjB8mnrWFSNwKmvxHpfY72bmD2tQ0kBMM3kwo=
